<Solution>
  <Folder Name="/samples/">
    <Project Path="samples/OrderFulfillment/OrderFulfillment.csproj" />
    <Project Path="samples/OrderFulfillmentGenerated/OrderFulfillmentGenerated.csproj" />
    <Project Path="samples/OrderFulfillmentHost/OrderFulfillmentHost.csproj" />
    <Project Path="samples/MultiNode/MultiNode.Primary/MultiNode.Primary.csproj" />
    <Project Path="samples/MultiNode/MultiNode.Secondary/MultiNode.Secondary.csproj" />
    <Project Path="samples/Interop/DotnetCqrsHost/DotnetCqrsHost.csproj" />
    <Project Path="samples/Interop/IntoPocketCqrs/IntoPocketCqrs.csproj" />
  </Folder>
  <Folder Name="/src/">
    <Project Path="src/DotnetCqrs.Codegen/DotnetCqrs.Codegen.csproj" />
    <Project Path="src/DotnetCqrs.Codegen.Cli/DotnetCqrs.Codegen.Cli.csproj" />
    <Project Path="src/DotnetCqrs.Host/DotnetCqrs.Host.csproj" />
    <Project Path="src/DotnetCqrs/DotnetCqrs.csproj" />
  </Folder>
  <Folder Name="/test/">
    <Project Path="test/DotnetCqrs.Tests/DotnetCqrs.Tests.csproj" />
  </Folder>
</Solution>
