<Solution>
  <Folder Name="/samples/">
    <Project Path="samples/OrderFulfillment/OrderFulfillment.csproj" />
    <Project Path="samples/OrderFulfillmentGenerated/OrderFulfillmentGenerated.csproj" />
    <Project Path="samples/OrderFulfillmentHost/OrderFulfillmentHost.csproj" />
  </Folder>
  <Folder Name="/src/">
    <Project Path="src/DotnetCqrs.Codegen/DotnetCqrs.Codegen.csproj" />
    <Project Path="src/DotnetCqrs.Host/DotnetCqrs.Host.csproj" />
    <Project Path="src/DotnetCqrs/DotnetCqrs.csproj" />
  </Folder>
  <Folder Name="/test/">
    <Project Path="test/DotnetCqrs.Tests/DotnetCqrs.Tests.csproj" />
  </Folder>
</Solution>
